{
  "name": "atomicmail-panel",
  "version": "0.11.1",
  "lockfileVersion": 3,
  "requires": true,
  "packages": {
    "": {
      "name": "atomicmail-panel",
      "version": "0.11.1",
      "dependencies": {
        "@atomicmail/agent-skill": "0.3.26"
      },
      "engines": {
        "node": ">=22.9"
      }
    },
    "node_modules/@atomicmail/agent-skill": {
      "version": "0.3.26",
      "resolved": "https://registry.npmjs.org/@atomicmail/agent-skill/-/agent-skill-0.3.26.tgz",
      "integrity": "sha512-BnGlZYVnwiJAENkHw2t7p3gAwa1dtzQCPd7CpDkZBeTj9ya396EHyCr2QwE5oSvS92029t4f0hiqtHsqNmK+tA==",
      "license": "MIT",
      "bin": {
        "atomicmail": "esm/skill/cli.js"
      },
      "engines": {
        "node": ">=20"
      }
    }
  }
}
